dependencies:
  espressif/mdns:
    component_hash: e81ca7a7f53ea34e78274df054da692c272e1315572876b237b1748e267c013b
    dependencies:
    - name: idf
      require: private
      version: '>=5.0'
    source:
      registry_url: https://components.espressif.com/
      type: service
    version: 1.11.3
  idf:
    source:
      type: idf
    version: 5.5.2
direct_dependencies:
- espressif/mdns
manifest_hash: 78f19eef3d7ae880833d860096df9670d7e4cb58c033fecb0d44e353167360d2
target: esp32s3
version: 2.0.0
